
Microsoft Visual Studio Solution File, Format Version 12.00
# Visual Studio 15
VisualStudioVersion = 15.0.27428.2037
MinimumVisualStudioVersion = 10.0.40219.1
Project("{FAE04EC0-301F-11D3-BF4B-00C04F79EFBC}") = "DLABS.CLIENT.VCRM.PLUGIN", "DLABS.CLIENT.VCRM.PLUGIN\DLABS.CLIENT.VCRM.PLUGIN.csproj", "{F5F4DD84-5274-4630-B97E-19C8D244DC41}"
EndProject
Project("{FAE04EC0-301F-11D3-BF4B-00C04F79EFBC}") = "DLABS.CLIENT.VCRM.WK", "DLABS.CLIENT.VCRM.WK\DLABS.CLIENT.VCRM.WK.csproj", "{EDB92907-20C4-4A28-B544-E2A91E6DE3D4}"
EndProject
Project("{FAE04EC0-301F-11D3-BF4B-00C04F79EFBC}") = "DLABS.WEBRESOURCES", "DLABS.WEBRESOURCES\DLABS.WEBRESOURCES.csproj", "{04AAFBD8-592B-45EA-93DA-DB7F3629EB38}"
EndProject
Project("{FAE04EC0-301F-11D3-BF4B-00C04F79EFBC}") = "HTML", "HTML\HTML.csproj", "{C7CDA69C-2D64-40D2-935A-F79F448D06AF}"
EndProject
Project("{FAE04EC0-301F-11D3-BF4B-00C04F79EFBC}") = "JavaScript", "JavaScript\JavaScript.csproj", "{C1735109-7F36-471E-B44C-20F2FBE580CE}"
EndProject
Project("{2150E333-8FDC-42A3-9474-1A3956D46DE8}") = "Project Solutions", "Project Solutions", "{2AB66D90-5421-4571-91AC-BC8C084A1445}"
EndProject
Project("{2150E333-8FDC-42A3-9474-1A3956D46DE8}") = "Items Solutions", "Items Solutions", "{BE2F0739-0265-4796-9E60-12EBFFDF5F26}"
EndProject
Project("{FAE04EC0-301F-11D3-BF4B-00C04F79EFBC}") = "DLABS.DYNAMICS365.TEMPLATE", "DLABS.DYNAMICS365.TEMPLATE\DLABS.DYNAMICS365.TEMPLATE.csproj", "{79D3C25B-8EF3-4416-B916-D1239276BC94}"
EndProject
Global
	GlobalSection(SolutionConfigurationPlatforms) = preSolution
		Debug|Any CPU = Debug|Any CPU
		Release|Any CPU = Release|Any CPU
	EndGlobalSection
	GlobalSection(ProjectConfigurationPlatforms) = postSolution
		{F5F4DD84-5274-4630-B97E-19C8D244DC41}.Debug|Any CPU.ActiveCfg = Debug|Any CPU
		{F5F4DD84-5274-4630-B97E-19C8D244DC41}.Debug|Any CPU.Build.0 = Debug|Any CPU
		{F5F4DD84-5274-4630-B97E-19C8D244DC41}.Release|Any CPU.ActiveCfg = Release|Any CPU
		{F5F4DD84-5274-4630-B97E-19C8D244DC41}.Release|Any CPU.Build.0 = Release|Any CPU
		{EDB92907-20C4-4A28-B544-E2A91E6DE3D4}.Debug|Any CPU.ActiveCfg = Debug|Any CPU
		{EDB92907-20C4-4A28-B544-E2A91E6DE3D4}.Debug|Any CPU.Build.0 = Debug|Any CPU
		{EDB92907-20C4-4A28-B544-E2A91E6DE3D4}.Release|Any CPU.ActiveCfg = Release|Any CPU
		{EDB92907-20C4-4A28-B544-E2A91E6DE3D4}.Release|Any CPU.Build.0 = Release|Any CPU
		{04AAFBD8-592B-45EA-93DA-DB7F3629EB38}.Debug|Any CPU.ActiveCfg = Debug|Any CPU
		{04AAFBD8-592B-45EA-93DA-DB7F3629EB38}.Debug|Any CPU.Build.0 = Debug|Any CPU
		{04AAFBD8-592B-45EA-93DA-DB7F3629EB38}.Release|Any CPU.ActiveCfg = Release|Any CPU
		{04AAFBD8-592B-45EA-93DA-DB7F3629EB38}.Release|Any CPU.Build.0 = Release|Any CPU
		{C7CDA69C-2D64-40D2-935A-F79F448D06AF}.Debug|Any CPU.ActiveCfg = Debug|Any CPU
		{C7CDA69C-2D64-40D2-935A-F79F448D06AF}.Debug|Any CPU.Build.0 = Debug|Any CPU
		{C7CDA69C-2D64-40D2-935A-F79F448D06AF}.Release|Any CPU.ActiveCfg = Release|Any CPU
		{C7CDA69C-2D64-40D2-935A-F79F448D06AF}.Release|Any CPU.Build.0 = Release|Any CPU
		{C1735109-7F36-471E-B44C-20F2FBE580CE}.Debug|Any CPU.ActiveCfg = Debug|Any CPU
		{C1735109-7F36-471E-B44C-20F2FBE580CE}.Debug|Any CPU.Build.0 = Debug|Any CPU
		{C1735109-7F36-471E-B44C-20F2FBE580CE}.Release|Any CPU.ActiveCfg = Release|Any CPU
		{C1735109-7F36-471E-B44C-20F2FBE580CE}.Release|Any CPU.Build.0 = Release|Any CPU
		{79D3C25B-8EF3-4416-B916-D1239276BC94}.Debug|Any CPU.ActiveCfg = Debug|Any CPU
		{79D3C25B-8EF3-4416-B916-D1239276BC94}.Debug|Any CPU.Build.0 = Debug|Any CPU
		{79D3C25B-8EF3-4416-B916-D1239276BC94}.Release|Any CPU.ActiveCfg = Release|Any CPU
		{79D3C25B-8EF3-4416-B916-D1239276BC94}.Release|Any CPU.Build.0 = Release|Any CPU
	EndGlobalSection
	GlobalSection(SolutionProperties) = preSolution
		HideSolutionNode = FALSE
	EndGlobalSection
	GlobalSection(NestedProjects) = preSolution
		{F5F4DD84-5274-4630-B97E-19C8D244DC41} = {2AB66D90-5421-4571-91AC-BC8C084A1445}
		{EDB92907-20C4-4A28-B544-E2A91E6DE3D4} = {2AB66D90-5421-4571-91AC-BC8C084A1445}
		{04AAFBD8-592B-45EA-93DA-DB7F3629EB38} = {2AB66D90-5421-4571-91AC-BC8C084A1445}
		{C7CDA69C-2D64-40D2-935A-F79F448D06AF} = {BE2F0739-0265-4796-9E60-12EBFFDF5F26}
		{C1735109-7F36-471E-B44C-20F2FBE580CE} = {BE2F0739-0265-4796-9E60-12EBFFDF5F26}
	EndGlobalSection
	GlobalSection(ExtensibilityGlobals) = postSolution
		VisualSVNWorkingCopyRoot = .
		SolutionGuid = {27736CC8-72D4-429F-8647-A2BA6C77BD55}
	EndGlobalSection
EndGlobal
