
Microsoft Visual Studio Solution File, Format Version 12.00
# Visual Studio 15
VisualStudioVersion = 15.0.27428.2037
MinimumVisualStudioVersion = 10.0.40219.1
Project("{2150E333-8FDC-42A3-9474-1A3956D46DE8}") = "Project Solutions", "Project Solutions", "{2AB66D90-5421-4571-91AC-BC8C084A1445}"
EndProject
Project("{2150E333-8FDC-42A3-9474-1A3956D46DE8}") = "Items Solutions", "Items Solutions", "{BE2F0739-0265-4796-9E60-12EBFFDF5F26}"
EndProject
Project("{FAE04EC0-301F-11D3-BF4B-00C04F79EFBC}") = "HTML", "HTML\HTML.csproj", "{C7CDA69C-2D64-40D2-935A-F79F448D06AF}"
EndProject
Project("{FAE04EC0-301F-11D3-BF4B-00C04F79EFBC}") = "JavaScript", "JavaScript\JavaScript.csproj", "{C1735109-7F36-471E-B44C-20F2FBE580CE}"
EndProject
Project("{FAE04EC0-301F-11D3-BF4B-00C04F79EFBC}") = "Plugin", "Plugin\Plugin.csproj", "{54E949A6-0489-479F-9A02-D351B978DA7F}"
EndProject
Project("{FAE04EC0-301F-11D3-BF4B-00C04F79EFBC}") = "VSIX_Deloitte_Template", "VSIX_Deloitte_Template\VSIX_Deloitte_Template.csproj", "{607BD5AB-889E-47C1-8D80-7B043BFED155}"
EndProject
Project("{FAE04EC0-301F-11D3-BF4B-00C04F79EFBC}") = "Workflow", "Workflow\Workflow.csproj", "{5F1AB1EA-9F76-49D6-8B9B-AF56C8F3E23F}"
EndProject
Project("{FAE04EC0-301F-11D3-BF4B-00C04F79EFBC}") = "DLABS.WEB.RESOURCES", "DLABS.WEB.RESOURCES\DLABS.WEB.RESOURCES.csproj", "{DCB015F4-6B55-49EE-86B7-0EA01E66E8BE}"
EndProject
Project("{FAE04EC0-301F-11D3-BF4B-00C04F79EFBC}") = "DLABS.CLIENT.VCRM.PLUGIN", "DLABS.CLIENT.VCRM.PLUGIN\DLABS.CLIENT.VCRM.PLUGIN.csproj", "{A13048F1-9AC9-4421-8DBD-928B35E9BBD7}"
EndProject
Project("{FAE04EC0-301F-11D3-BF4B-00C04F79EFBC}") = "DLABS.CLIENT.VCRM.WK", "DLABS.CLIENT.VCRM.WK\DLABS.CLIENT.VCRM.WK.csproj", "{A5675456-2FD9-4895-97A2-DB833BB23CF5}"
EndProject
Global
	GlobalSection(SolutionConfigurationPlatforms) = preSolution
		Debug|Any CPU = Debug|Any CPU
		Release|Any CPU = Release|Any CPU
	EndGlobalSection
	GlobalSection(ProjectConfigurationPlatforms) = postSolution
		{C7CDA69C-2D64-40D2-935A-F79F448D06AF}.Debug|Any CPU.ActiveCfg = Debug|Any CPU
		{C7CDA69C-2D64-40D2-935A-F79F448D06AF}.Debug|Any CPU.Build.0 = Debug|Any CPU
		{C7CDA69C-2D64-40D2-935A-F79F448D06AF}.Release|Any CPU.ActiveCfg = Release|Any CPU
		{C7CDA69C-2D64-40D2-935A-F79F448D06AF}.Release|Any CPU.Build.0 = Release|Any CPU
		{C1735109-7F36-471E-B44C-20F2FBE580CE}.Debug|Any CPU.ActiveCfg = Debug|Any CPU
		{C1735109-7F36-471E-B44C-20F2FBE580CE}.Debug|Any CPU.Build.0 = Debug|Any CPU
		{C1735109-7F36-471E-B44C-20F2FBE580CE}.Release|Any CPU.ActiveCfg = Release|Any CPU
		{C1735109-7F36-471E-B44C-20F2FBE580CE}.Release|Any CPU.Build.0 = Release|Any CPU
		{54E949A6-0489-479F-9A02-D351B978DA7F}.Debug|Any CPU.ActiveCfg = Debug|Any CPU
		{54E949A6-0489-479F-9A02-D351B978DA7F}.Debug|Any CPU.Build.0 = Debug|Any CPU
		{54E949A6-0489-479F-9A02-D351B978DA7F}.Release|Any CPU.ActiveCfg = Release|Any CPU
		{54E949A6-0489-479F-9A02-D351B978DA7F}.Release|Any CPU.Build.0 = Release|Any CPU
		{607BD5AB-889E-47C1-8D80-7B043BFED155}.Debug|Any CPU.ActiveCfg = Debug|Any CPU
		{607BD5AB-889E-47C1-8D80-7B043BFED155}.Debug|Any CPU.Build.0 = Debug|Any CPU
		{607BD5AB-889E-47C1-8D80-7B043BFED155}.Release|Any CPU.ActiveCfg = Release|Any CPU
		{607BD5AB-889E-47C1-8D80-7B043BFED155}.Release|Any CPU.Build.0 = Release|Any CPU
		{5F1AB1EA-9F76-49D6-8B9B-AF56C8F3E23F}.Debug|Any CPU.ActiveCfg = Debug|Any CPU
		{5F1AB1EA-9F76-49D6-8B9B-AF56C8F3E23F}.Debug|Any CPU.Build.0 = Debug|Any CPU
		{5F1AB1EA-9F76-49D6-8B9B-AF56C8F3E23F}.Release|Any CPU.ActiveCfg = Release|Any CPU
		{5F1AB1EA-9F76-49D6-8B9B-AF56C8F3E23F}.Release|Any CPU.Build.0 = Release|Any CPU
		{DCB015F4-6B55-49EE-86B7-0EA01E66E8BE}.Debug|Any CPU.ActiveCfg = Debug|Any CPU
		{DCB015F4-6B55-49EE-86B7-0EA01E66E8BE}.Debug|Any CPU.Build.0 = Debug|Any CPU
		{DCB015F4-6B55-49EE-86B7-0EA01E66E8BE}.Release|Any CPU.ActiveCfg = Release|Any CPU
		{DCB015F4-6B55-49EE-86B7-0EA01E66E8BE}.Release|Any CPU.Build.0 = Release|Any CPU
		{A13048F1-9AC9-4421-8DBD-928B35E9BBD7}.Debug|Any CPU.ActiveCfg = Debug|Any CPU
		{A13048F1-9AC9-4421-8DBD-928B35E9BBD7}.Debug|Any CPU.Build.0 = Debug|Any CPU
		{A13048F1-9AC9-4421-8DBD-928B35E9BBD7}.Release|Any CPU.ActiveCfg = Release|Any CPU
		{A13048F1-9AC9-4421-8DBD-928B35E9BBD7}.Release|Any CPU.Build.0 = Release|Any CPU
		{A5675456-2FD9-4895-97A2-DB833BB23CF5}.Debug|Any CPU.ActiveCfg = Debug|Any CPU
		{A5675456-2FD9-4895-97A2-DB833BB23CF5}.Debug|Any CPU.Build.0 = Debug|Any CPU
		{A5675456-2FD9-4895-97A2-DB833BB23CF5}.Release|Any CPU.ActiveCfg = Release|Any CPU
		{A5675456-2FD9-4895-97A2-DB833BB23CF5}.Release|Any CPU.Build.0 = Release|Any CPU
	EndGlobalSection
	GlobalSection(SolutionProperties) = preSolution
		HideSolutionNode = FALSE
	EndGlobalSection
	GlobalSection(NestedProjects) = preSolution
		{C7CDA69C-2D64-40D2-935A-F79F448D06AF} = {BE2F0739-0265-4796-9E60-12EBFFDF5F26}
		{C1735109-7F36-471E-B44C-20F2FBE580CE} = {BE2F0739-0265-4796-9E60-12EBFFDF5F26}
		{54E949A6-0489-479F-9A02-D351B978DA7F} = {BE2F0739-0265-4796-9E60-12EBFFDF5F26}
		{5F1AB1EA-9F76-49D6-8B9B-AF56C8F3E23F} = {BE2F0739-0265-4796-9E60-12EBFFDF5F26}
		{DCB015F4-6B55-49EE-86B7-0EA01E66E8BE} = {2AB66D90-5421-4571-91AC-BC8C084A1445}
		{A13048F1-9AC9-4421-8DBD-928B35E9BBD7} = {2AB66D90-5421-4571-91AC-BC8C084A1445}
		{A5675456-2FD9-4895-97A2-DB833BB23CF5} = {2AB66D90-5421-4571-91AC-BC8C084A1445}
	EndGlobalSection
	GlobalSection(ExtensibilityGlobals) = postSolution
		SolutionGuid = {27736CC8-72D4-429F-8647-A2BA6C77BD55}
		VisualSVNWorkingCopyRoot = .
	EndGlobalSection
EndGlobal
