
Microsoft Visual Studio Solution File, Format Version 12.00
# Visual Studio 15
VisualStudioVersion = 15.0.27428.2037
MinimumVisualStudioVersion = 10.0.40219.1
Project("{2150E333-8FDC-42A3-9474-1A3956D46DE8}") = "Project Solutions", "Project Solutions", "{2AB66D90-5421-4571-91AC-BC8C084A1445}"
EndProject
Project("{2150E333-8FDC-42A3-9474-1A3956D46DE8}") = "Items Solutions", "Items Solutions", "{BE2F0739-0265-4796-9E60-12EBFFDF5F26}"
EndProject
Project("{FAE04EC0-301F-11D3-BF4B-00C04F79EFBC}") = "DLABS.WEB.RESOURCES", "DLABS.WEB.RESOURCES\DLABS.WEB.RESOURCES.csproj", "{DCB015F4-6B55-49EE-86B7-0EA01E66E8BE}"
EndProject
Project("{FAE04EC0-301F-11D3-BF4B-00C04F79EFBC}") = "DLABS.CLIENT.VCRM.WK", "DLABS.CLIENT.VCRM.WK\DLABS.CLIENT.VCRM.WK.csproj", "{ADBB0781-648D-4A84-81F1-780E70CDF64B}"
EndProject
Global
	GlobalSection(SolutionConfigurationPlatforms) = preSolution
		Debug|Any CPU = Debug|Any CPU
		Release|Any CPU = Release|Any CPU
	EndGlobalSection
	GlobalSection(ProjectConfigurationPlatforms) = postSolution
		{DCB015F4-6B55-49EE-86B7-0EA01E66E8BE}.Debug|Any CPU.ActiveCfg = Debug|Any CPU
		{DCB015F4-6B55-49EE-86B7-0EA01E66E8BE}.Debug|Any CPU.Build.0 = Debug|Any CPU
		{DCB015F4-6B55-49EE-86B7-0EA01E66E8BE}.Release|Any CPU.ActiveCfg = Release|Any CPU
		{DCB015F4-6B55-49EE-86B7-0EA01E66E8BE}.Release|Any CPU.Build.0 = Release|Any CPU
		{ADBB0781-648D-4A84-81F1-780E70CDF64B}.Debug|Any CPU.ActiveCfg = Debug|Any CPU
		{ADBB0781-648D-4A84-81F1-780E70CDF64B}.Debug|Any CPU.Build.0 = Debug|Any CPU
		{ADBB0781-648D-4A84-81F1-780E70CDF64B}.Release|Any CPU.ActiveCfg = Release|Any CPU
		{ADBB0781-648D-4A84-81F1-780E70CDF64B}.Release|Any CPU.Build.0 = Release|Any CPU
	EndGlobalSection
	GlobalSection(SolutionProperties) = preSolution
		HideSolutionNode = FALSE
	EndGlobalSection
	GlobalSection(NestedProjects) = preSolution
		{DCB015F4-6B55-49EE-86B7-0EA01E66E8BE} = {2AB66D90-5421-4571-91AC-BC8C084A1445}
		{ADBB0781-648D-4A84-81F1-780E70CDF64B} = {2AB66D90-5421-4571-91AC-BC8C084A1445}
	EndGlobalSection
	GlobalSection(ExtensibilityGlobals) = postSolution
		VisualSVNWorkingCopyRoot = .
		SolutionGuid = {27736CC8-72D4-429F-8647-A2BA6C77BD55}
	EndGlobalSection
EndGlobal
